
Microsoft Visual Studio Solution File, Format Version 12.00
# Visual Studio Version 17
VisualStudioVersion = 17.5.33414.496
MinimumVisualStudioVersion = 10.0.40219.1
Project("{888888A0-9F3D-457C-B088-3A5042F75D52}") = "Standard Algorithms", "Standard Algorithms.pyproj", "{6DE1416F-EBF1-4533-B3BA-EDAB1AE41006}"
EndProject
Global
	GlobalSection(SolutionConfigurationPlatforms) = preSolution
		Debug|Any CPU = Debug|Any CPU
		Release|Any CPU = Release|Any CPU
	EndGlobalSection
	GlobalSection(ProjectConfigurationPlatforms) = postSolution
		{6DE1416F-EBF1-4533-B3BA-EDAB1AE41006}.Debug|Any CPU.ActiveCfg = Debug|Any CPU
		{6DE1416F-EBF1-4533-B3BA-EDAB1AE41006}.Release|Any CPU.ActiveCfg = Release|Any CPU
	EndGlobalSection
	GlobalSection(SolutionProperties) = preSolution
		HideSolutionNode = FALSE
	EndGlobalSection
	GlobalSection(ExtensibilityGlobals) = postSolution
		SolutionGuid = {18CB797E-BF89-4C60-824E-48CFEA5C0171}
	EndGlobalSection
EndGlobal
